
Microsoft Visual Studio Solution File, Format Version 12.00
# Visual Studio Version 17
VisualStudioVersion = 17.4.33205.214
MinimumVisualStudioVersion = 10.0.40219.1
Project("{2150E333-8FDC-42A3-9474-1A3956D46DE8}") = "ChainOfResponsibilityDesignPattern", "ChainOfResponsibilityDesignPattern", "{76FF733B-7F29-466E-88C7-A29914ECC0FD}"
EndProject
Project("{9A19103F-16F7-4668-BE54-9A1E7A4F7556}") = "DesignPattern.ChainOfResponsibility", "ChainOfResponsibilityDesignPattern\DesignPattern.ChainOfResponsibility\DesignPattern.ChainOfResponsibility.csproj", "{53FEF4E7-8DC0-4955-A6C2-14F7A3B8F405}"
EndProject
Project("{2150E333-8FDC-42A3-9474-1A3956D46DE8}") = "RepositoryDesignPattern", "RepositoryDesignPattern", "{647AEAA5-7613-4A76-9C22-843F69E94EB3}"
EndProject
Project("{9A19103F-16F7-4668-BE54-9A1E7A4F7556}") = "RepositoryDesignPattern.EntityLayer", "RepositoryDesignPattern\RepositoryDesignPattern.EntityLayer\RepositoryDesignPattern.EntityLayer.csproj", "{E5C7682D-73CD-45A7-8077-39CD700A2ACE}"
EndProject
Project("{9A19103F-16F7-4668-BE54-9A1E7A4F7556}") = "RepositoryDesignPattern.DataAccessLayer", "RepositoryDesignPattern\RepositoryDesignPattern.DataAccessLayer\RepositoryDesignPattern.DataAccessLayer.csproj", "{2519DD4D-D48F-4EE7-A06B-E1B31D8E7BA2}"
EndProject
Project("{9A19103F-16F7-4668-BE54-9A1E7A4F7556}") = "RepositoryDesignPattern.BusinessLayer", "RepositoryDesignPattern\RepositoryDesignPattern.BusinessLayer\RepositoryDesignPattern.BusinessLayer.csproj", "{93AF8E11-2A66-4789-A352-9C676A4D8FA1}"
EndProject
Project("{9A19103F-16F7-4668-BE54-9A1E7A4F7556}") = "RepositoryDesignPattern.PrensetationLayer", "RepositoryDesignPattern\RepositoryDesignPattern.PrensetationLayer\RepositoryDesignPattern.PrensetationLayer.csproj", "{132F5B30-B998-485A-8D39-82ED160DE0C4}"
EndProject
Project("{2150E333-8FDC-42A3-9474-1A3956D46DE8}") = "UnitOfWorkDesignPattern", "UnitOfWorkDesignPattern", "{159863CA-43E2-4C25-AF6E-380670BB1221}"
EndProject
Project("{FAE04EC0-301F-11D3-BF4B-00C04F79EFBC}") = "DesignPattern.UnitOfWork", "UnitOfWorkDesignPattern\DesignPattern.UnitOfWork\DesignPattern.UnitOfWork.csproj", "{05362595-3E54-4FF8-A12F-66DC4B379985}"
EndProject
Project("{FAE04EC0-301F-11D3-BF4B-00C04F79EFBC}") = "DesignPattern.EntityLayer", "UnitOfWorkDesignPattern\DesignPattern.EntityLayer\DesignPattern.EntityLayer.csproj", "{14D8C3F1-14BD-479B-AF78-01521921947D}"
EndProject
Project("{FAE04EC0-301F-11D3-BF4B-00C04F79EFBC}") = "DesignPattern.DataAccessLayer", "UnitOfWorkDesignPattern\DesignPattern.DataAccessLayer\DesignPattern.DataAccessLayer.csproj", "{7260B2C6-0E87-46CB-B3A7-2DC207C165B0}"
EndProject
Project("{FAE04EC0-301F-11D3-BF4B-00C04F79EFBC}") = "DesignPattern.BusinessLayer", "UnitOfWorkDesignPattern\DesignPattern.BusinessLayer\DesignPattern.BusinessLayer.csproj", "{397B6588-A1F6-4423-A5A1-C35CE222BA6D}"
EndProject
Global
	GlobalSection(SolutionConfigurationPlatforms) = preSolution
		Debug|Any CPU = Debug|Any CPU
		Release|Any CPU = Release|Any CPU
	EndGlobalSection
	GlobalSection(ProjectConfigurationPlatforms) = postSolution
		{53FEF4E7-8DC0-4955-A6C2-14F7A3B8F405}.Debug|Any CPU.ActiveCfg = Debug|Any CPU
		{53FEF4E7-8DC0-4955-A6C2-14F7A3B8F405}.Debug|Any CPU.Build.0 = Debug|Any CPU
		{53FEF4E7-8DC0-4955-A6C2-14F7A3B8F405}.Release|Any CPU.ActiveCfg = Release|Any CPU
		{53FEF4E7-8DC0-4955-A6C2-14F7A3B8F405}.Release|Any CPU.Build.0 = Release|Any CPU
		{E5C7682D-73CD-45A7-8077-39CD700A2ACE}.Debug|Any CPU.ActiveCfg = Debug|Any CPU
		{E5C7682D-73CD-45A7-8077-39CD700A2ACE}.Debug|Any CPU.Build.0 = Debug|Any CPU
		{E5C7682D-73CD-45A7-8077-39CD700A2ACE}.Release|Any CPU.ActiveCfg = Release|Any CPU
		{E5C7682D-73CD-45A7-8077-39CD700A2ACE}.Release|Any CPU.Build.0 = Release|Any CPU
		{2519DD4D-D48F-4EE7-A06B-E1B31D8E7BA2}.Debug|Any CPU.ActiveCfg = Debug|Any CPU
		{2519DD4D-D48F-4EE7-A06B-E1B31D8E7BA2}.Debug|Any CPU.Build.0 = Debug|Any CPU
		{2519DD4D-D48F-4EE7-A06B-E1B31D8E7BA2}.Release|Any CPU.ActiveCfg = Release|Any CPU
		{2519DD4D-D48F-4EE7-A06B-E1B31D8E7BA2}.Release|Any CPU.Build.0 = Release|Any CPU
		{93AF8E11-2A66-4789-A352-9C676A4D8FA1}.Debug|Any CPU.ActiveCfg = Debug|Any CPU
		{93AF8E11-2A66-4789-A352-9C676A4D8FA1}.Debug|Any CPU.Build.0 = Debug|Any CPU
		{93AF8E11-2A66-4789-A352-9C676A4D8FA1}.Release|Any CPU.ActiveCfg = Release|Any CPU
		{93AF8E11-2A66-4789-A352-9C676A4D8FA1}.Release|Any CPU.Build.0 = Release|Any CPU
		{132F5B30-B998-485A-8D39-82ED160DE0C4}.Debug|Any CPU.ActiveCfg = Debug|Any CPU
		{132F5B30-B998-485A-8D39-82ED160DE0C4}.Debug|Any CPU.Build.0 = Debug|Any CPU
		{132F5B30-B998-485A-8D39-82ED160DE0C4}.Release|Any CPU.ActiveCfg = Release|Any CPU
		{132F5B30-B998-485A-8D39-82ED160DE0C4}.Release|Any CPU.Build.0 = Release|Any CPU
		{05362595-3E54-4FF8-A12F-66DC4B379985}.Debug|Any CPU.ActiveCfg = Debug|Any CPU
		{05362595-3E54-4FF8-A12F-66DC4B379985}.Debug|Any CPU.Build.0 = Debug|Any CPU
		{05362595-3E54-4FF8-A12F-66DC4B379985}.Release|Any CPU.ActiveCfg = Release|Any CPU
		{05362595-3E54-4FF8-A12F-66DC4B379985}.Release|Any CPU.Build.0 = Release|Any CPU
		{14D8C3F1-14BD-479B-AF78-01521921947D}.Debug|Any CPU.ActiveCfg = Debug|Any CPU
		{14D8C3F1-14BD-479B-AF78-01521921947D}.Debug|Any CPU.Build.0 = Debug|Any CPU
		{14D8C3F1-14BD-479B-AF78-01521921947D}.Release|Any CPU.ActiveCfg = Release|Any CPU
		{14D8C3F1-14BD-479B-AF78-01521921947D}.Release|Any CPU.Build.0 = Release|Any CPU
		{7260B2C6-0E87-46CB-B3A7-2DC207C165B0}.Debug|Any CPU.ActiveCfg = Debug|Any CPU
		{7260B2C6-0E87-46CB-B3A7-2DC207C165B0}.Debug|Any CPU.Build.0 = Debug|Any CPU
		{7260B2C6-0E87-46CB-B3A7-2DC207C165B0}.Release|Any CPU.ActiveCfg = Release|Any CPU
		{7260B2C6-0E87-46CB-B3A7-2DC207C165B0}.Release|Any CPU.Build.0 = Release|Any CPU
		{397B6588-A1F6-4423-A5A1-C35CE222BA6D}.Debug|Any CPU.ActiveCfg = Debug|Any CPU
		{397B6588-A1F6-4423-A5A1-C35CE222BA6D}.Debug|Any CPU.Build.0 = Debug|Any CPU
		{397B6588-A1F6-4423-A5A1-C35CE222BA6D}.Release|Any CPU.ActiveCfg = Release|Any CPU
		{397B6588-A1F6-4423-A5A1-C35CE222BA6D}.Release|Any CPU.Build.0 = Release|Any CPU
	EndGlobalSection
	GlobalSection(SolutionProperties) = preSolution
		HideSolutionNode = FALSE
	EndGlobalSection
	GlobalSection(NestedProjects) = preSolution
		{53FEF4E7-8DC0-4955-A6C2-14F7A3B8F405} = {76FF733B-7F29-466E-88C7-A29914ECC0FD}
		{E5C7682D-73CD-45A7-8077-39CD700A2ACE} = {647AEAA5-7613-4A76-9C22-843F69E94EB3}
		{2519DD4D-D48F-4EE7-A06B-E1B31D8E7BA2} = {647AEAA5-7613-4A76-9C22-843F69E94EB3}
		{93AF8E11-2A66-4789-A352-9C676A4D8FA1} = {647AEAA5-7613-4A76-9C22-843F69E94EB3}
		{132F5B30-B998-485A-8D39-82ED160DE0C4} = {647AEAA5-7613-4A76-9C22-843F69E94EB3}
		{05362595-3E54-4FF8-A12F-66DC4B379985} = {159863CA-43E2-4C25-AF6E-380670BB1221}
		{14D8C3F1-14BD-479B-AF78-01521921947D} = {159863CA-43E2-4C25-AF6E-380670BB1221}
		{7260B2C6-0E87-46CB-B3A7-2DC207C165B0} = {159863CA-43E2-4C25-AF6E-380670BB1221}
		{397B6588-A1F6-4423-A5A1-C35CE222BA6D} = {159863CA-43E2-4C25-AF6E-380670BB1221}
	EndGlobalSection
	GlobalSection(ExtensibilityGlobals) = postSolution
		SolutionGuid = {A1BDCBFB-15FE-4B16-88EF-EA1C86759690}
	EndGlobalSection
EndGlobal
